
Microsoft Visual Studio Solution File, Format Version 12.00
# Visual Studio Version 17
VisualStudioVersion = 17.0.31903.59
MinimumVisualStudioVersion = 10.0.40219.1
Project("{FAE04EC0-301F-11D3-BF4B-00C04F79EFBC}") = "Class Methods", "Class Methods\Class Methods.csproj", "{2E909373-D2F0-4E43-A40E-7C4A8D5E1B78}"
EndProject
Project("{FAE04EC0-301F-11D3-BF4B-00C04F79EFBC}") = "Robot_Assignment", "Robot_Assignment\Robot_Assignment.csproj", "{355BF85C-40D9-4DEF-A5D9-8D1503BAEAAD}"
EndProject
Project("{FAE04EC0-301F-11D3-BF4B-00C04F79EFBC}") = "Class_Methods_2", "Class_Methods_2\Class_Methods_2.csproj", "{A39E65CB-E2ED-47A9-B8C0-833EADEDDEBE}"
EndProject
Project("{FAE04EC0-301F-11D3-BF4B-00C04F79EFBC}") = "Class_Methods_3_Arrays_Loops", "Class_Methods_3_Arrays_Loops\Class_Methods_3_Arrays_Loops.csproj", "{0230277E-AC31-4AEF-B5EC-22C22E63F21A}"
EndProject
Project("{FAE04EC0-301F-11D3-BF4B-00C04F79EFBC}") = "Class_Methods_Arrays_Loops_4", "Class_Methods_Arrays_Loops_4\Class_Methods_Arrays_Loops_4.csproj", "{11B7CDC0-0E86-49D1-86BE-42488DE9D1D9}"
EndProject
Project("{2150E333-8FDC-42A3-9474-1A3956D46DE8}") = "Class_Methods_Arrays_Loops_4", "Class_Methods_Arrays_Loops_4", "{55962D9D-D6AE-9F9E-B746-46058991C7DF}"
EndProject
Project("{FAE04EC0-301F-11D3-BF4B-00C04F79EFBC}") = "XOXO_Project", "Class_Methods_Arrays_Loops_4\XOXO_Project\XOXO_Project.csproj", "{8CFBE38F-7802-41F0-BF3B-ACF572E6F141}"
EndProject
Global
	GlobalSection(SolutionConfigurationPlatforms) = preSolution
		Debug|Any CPU = Debug|Any CPU
		Debug|x64 = Debug|x64
		Debug|x86 = Debug|x86
		Release|Any CPU = Release|Any CPU
		Release|x64 = Release|x64
		Release|x86 = Release|x86
	EndGlobalSection
	GlobalSection(ProjectConfigurationPlatforms) = postSolution
		{2E909373-D2F0-4E43-A40E-7C4A8D5E1B78}.Debug|Any CPU.ActiveCfg = Debug|Any CPU
		{2E909373-D2F0-4E43-A40E-7C4A8D5E1B78}.Debug|Any CPU.Build.0 = Debug|Any CPU
		{2E909373-D2F0-4E43-A40E-7C4A8D5E1B78}.Debug|x64.ActiveCfg = Debug|Any CPU
		{2E909373-D2F0-4E43-A40E-7C4A8D5E1B78}.Debug|x64.Build.0 = Debug|Any CPU
		{2E909373-D2F0-4E43-A40E-7C4A8D5E1B78}.Debug|x86.ActiveCfg = Debug|Any CPU
		{2E909373-D2F0-4E43-A40E-7C4A8D5E1B78}.Debug|x86.Build.0 = Debug|Any CPU
		{2E909373-D2F0-4E43-A40E-7C4A8D5E1B78}.Release|Any CPU.ActiveCfg = Release|Any CPU
		{2E909373-D2F0-4E43-A40E-7C4A8D5E1B78}.Release|Any CPU.Build.0 = Release|Any CPU
		{2E909373-D2F0-4E43-A40E-7C4A8D5E1B78}.Release|x64.ActiveCfg = Release|Any CPU
		{2E909373-D2F0-4E43-A40E-7C4A8D5E1B78}.Release|x64.Build.0 = Release|Any CPU
		{2E909373-D2F0-4E43-A40E-7C4A8D5E1B78}.Release|x86.ActiveCfg = Release|Any CPU
		{2E909373-D2F0-4E43-A40E-7C4A8D5E1B78}.Release|x86.Build.0 = Release|Any CPU
		{355BF85C-40D9-4DEF-A5D9-8D1503BAEAAD}.Debug|Any CPU.ActiveCfg = Debug|Any CPU
		{355BF85C-40D9-4DEF-A5D9-8D1503BAEAAD}.Debug|Any CPU.Build.0 = Debug|Any CPU
		{355BF85C-40D9-4DEF-A5D9-8D1503BAEAAD}.Debug|x64.ActiveCfg = Debug|Any CPU
		{355BF85C-40D9-4DEF-A5D9-8D1503BAEAAD}.Debug|x64.Build.0 = Debug|Any CPU
		{355BF85C-40D9-4DEF-A5D9-8D1503BAEAAD}.Debug|x86.ActiveCfg = Debug|Any CPU
		{355BF85C-40D9-4DEF-A5D9-8D1503BAEAAD}.Debug|x86.Build.0 = Debug|Any CPU
		{355BF85C-40D9-4DEF-A5D9-8D1503BAEAAD}.Release|Any CPU.ActiveCfg = Release|Any CPU
		{355BF85C-40D9-4DEF-A5D9-8D1503BAEAAD}.Release|Any CPU.Build.0 = Release|Any CPU
		{355BF85C-40D9-4DEF-A5D9-8D1503BAEAAD}.Release|x64.ActiveCfg = Release|Any CPU
		{355BF85C-40D9-4DEF-A5D9-8D1503BAEAAD}.Release|x64.Build.0 = Release|Any CPU
		{355BF85C-40D9-4DEF-A5D9-8D1503BAEAAD}.Release|x86.ActiveCfg = Release|Any CPU
		{355BF85C-40D9-4DEF-A5D9-8D1503BAEAAD}.Release|x86.Build.0 = Release|Any CPU
		{A39E65CB-E2ED-47A9-B8C0-833EADEDDEBE}.Debug|Any CPU.ActiveCfg = Debug|Any CPU
		{A39E65CB-E2ED-47A9-B8C0-833EADEDDEBE}.Debug|Any CPU.Build.0 = Debug|Any CPU
		{A39E65CB-E2ED-47A9-B8C0-833EADEDDEBE}.Debug|x64.ActiveCfg = Debug|Any CPU
		{A39E65CB-E2ED-47A9-B8C0-833EADEDDEBE}.Debug|x64.Build.0 = Debug|Any CPU
		{A39E65CB-E2ED-47A9-B8C0-833EADEDDEBE}.Debug|x86.ActiveCfg = Debug|Any CPU
		{A39E65CB-E2ED-47A9-B8C0-833EADEDDEBE}.Debug|x86.Build.0 = Debug|Any CPU
		{A39E65CB-E2ED-47A9-B8C0-833EADEDDEBE}.Release|Any CPU.ActiveCfg = Release|Any CPU
		{A39E65CB-E2ED-47A9-B8C0-833EADEDDEBE}.Release|Any CPU.Build.0 = Release|Any CPU
		{A39E65CB-E2ED-47A9-B8C0-833EADEDDEBE}.Release|x64.ActiveCfg = Release|Any CPU
		{A39E65CB-E2ED-47A9-B8C0-833EADEDDEBE}.Release|x64.Build.0 = Release|Any CPU
		{A39E65CB-E2ED-47A9-B8C0-833EADEDDEBE}.Release|x86.ActiveCfg = Release|Any CPU
		{A39E65CB-E2ED-47A9-B8C0-833EADEDDEBE}.Release|x86.Build.0 = Release|Any CPU
		{0230277E-AC31-4AEF-B5EC-22C22E63F21A}.Debug|Any CPU.ActiveCfg = Debug|Any CPU
		{0230277E-AC31-4AEF-B5EC-22C22E63F21A}.Debug|Any CPU.Build.0 = Debug|Any CPU
		{0230277E-AC31-4AEF-B5EC-22C22E63F21A}.Debug|x64.ActiveCfg = Debug|Any CPU
		{0230277E-AC31-4AEF-B5EC-22C22E63F21A}.Debug|x64.Build.0 = Debug|Any CPU
		{0230277E-AC31-4AEF-B5EC-22C22E63F21A}.Debug|x86.ActiveCfg = Debug|Any CPU
		{0230277E-AC31-4AEF-B5EC-22C22E63F21A}.Debug|x86.Build.0 = Debug|Any CPU
		{0230277E-AC31-4AEF-B5EC-22C22E63F21A}.Release|Any CPU.ActiveCfg = Release|Any CPU
		{0230277E-AC31-4AEF-B5EC-22C22E63F21A}.Release|Any CPU.Build.0 = Release|Any CPU
		{0230277E-AC31-4AEF-B5EC-22C22E63F21A}.Release|x64.ActiveCfg = Release|Any CPU
		{0230277E-AC31-4AEF-B5EC-22C22E63F21A}.Release|x64.Build.0 = Release|Any CPU
		{0230277E-AC31-4AEF-B5EC-22C22E63F21A}.Release|x86.ActiveCfg = Release|Any CPU
		{0230277E-AC31-4AEF-B5EC-22C22E63F21A}.Release|x86.Build.0 = Release|Any CPU
		{11B7CDC0-0E86-49D1-86BE-42488DE9D1D9}.Debug|Any CPU.ActiveCfg = Debug|Any CPU
		{11B7CDC0-0E86-49D1-86BE-42488DE9D1D9}.Debug|Any CPU.Build.0 = Debug|Any CPU
		{11B7CDC0-0E86-49D1-86BE-42488DE9D1D9}.Debug|x64.ActiveCfg = Debug|Any CPU
		{11B7CDC0-0E86-49D1-86BE-42488DE9D1D9}.Debug|x64.Build.0 = Debug|Any CPU
		{11B7CDC0-0E86-49D1-86BE-42488DE9D1D9}.Debug|x86.ActiveCfg = Debug|Any CPU
		{11B7CDC0-0E86-49D1-86BE-42488DE9D1D9}.Debug|x86.Build.0 = Debug|Any CPU
		{11B7CDC0-0E86-49D1-86BE-42488DE9D1D9}.Release|Any CPU.ActiveCfg = Release|Any CPU
		{11B7CDC0-0E86-49D1-86BE-42488DE9D1D9}.Release|Any CPU.Build.0 = Release|Any CPU
		{11B7CDC0-0E86-49D1-86BE-42488DE9D1D9}.Release|x64.ActiveCfg = Release|Any CPU
		{11B7CDC0-0E86-49D1-86BE-42488DE9D1D9}.Release|x64.Build.0 = Release|Any CPU
		{11B7CDC0-0E86-49D1-86BE-42488DE9D1D9}.Release|x86.ActiveCfg = Release|Any CPU
		{11B7CDC0-0E86-49D1-86BE-42488DE9D1D9}.Release|x86.Build.0 = Release|Any CPU
		{8CFBE38F-7802-41F0-BF3B-ACF572E6F141}.Debug|Any CPU.ActiveCfg = Debug|Any CPU
		{8CFBE38F-7802-41F0-BF3B-ACF572E6F141}.Debug|Any CPU.Build.0 = Debug|Any CPU
		{8CFBE38F-7802-41F0-BF3B-ACF572E6F141}.Debug|x64.ActiveCfg = Debug|Any CPU
		{8CFBE38F-7802-41F0-BF3B-ACF572E6F141}.Debug|x64.Build.0 = Debug|Any CPU
		{8CFBE38F-7802-41F0-BF3B-ACF572E6F141}.Debug|x86.ActiveCfg = Debug|Any CPU
		{8CFBE38F-7802-41F0-BF3B-ACF572E6F141}.Debug|x86.Build.0 = Debug|Any CPU
		{8CFBE38F-7802-41F0-BF3B-ACF572E6F141}.Release|Any CPU.ActiveCfg = Release|Any CPU
		{8CFBE38F-7802-41F0-BF3B-ACF572E6F141}.Release|Any CPU.Build.0 = Release|Any CPU
		{8CFBE38F-7802-41F0-BF3B-ACF572E6F141}.Release|x64.ActiveCfg = Release|Any CPU
		{8CFBE38F-7802-41F0-BF3B-ACF572E6F141}.Release|x64.Build.0 = Release|Any CPU
		{8CFBE38F-7802-41F0-BF3B-ACF572E6F141}.Release|x86.ActiveCfg = Release|Any CPU
		{8CFBE38F-7802-41F0-BF3B-ACF572E6F141}.Release|x86.Build.0 = Release|Any CPU
	EndGlobalSection
	GlobalSection(SolutionProperties) = preSolution
		HideSolutionNode = FALSE
	EndGlobalSection
	GlobalSection(NestedProjects) = preSolution
		{8CFBE38F-7802-41F0-BF3B-ACF572E6F141} = {55962D9D-D6AE-9F9E-B746-46058991C7DF}
	EndGlobalSection
EndGlobal
